
Microsoft Visual Studio Solution File, Format Version 12.00
# Visual Studio 15
VisualStudioVersion = 15.0.26430.16
MinimumVisualStudioVersion = 10.0.40219.1
Project("{2150E333-8FDC-42A3-9474-1A3956D46DE8}") = "Server", "Server", "{AF9F0EA0-E65A-4525-9085-373E54707018}"
EndProject
Project("{2150E333-8FDC-42A3-9474-1A3956D46DE8}") = "Client", "Client", "{0E317BD6-72B3-4C1E-A5CC-BDAF04B74BE3}"
EndProject
Project("{9A19103F-16F7-4668-BE54-9A1E7A4F7556}") = "ChatLa.Server", "ChatLa.Server\ChatLa.Server.csproj", "{CF535374-3D0F-43AC-981A-CAE86490DCDA}"
EndProject
Project("{D954291E-2A0B-460D-934E-DC6B0785DB48}") = "ChatLa.Client", "ChatLa.Client\ChatLa.Client\ChatLa.Client.shproj", "{2771B773-4695-482B-9E8C-01209868BCA8}"
EndProject
Project("{FAE04EC0-301F-11D3-BF4B-00C04F79EFBC}") = "ChatLa.Client.Android", "ChatLa.Client\ChatLa.Client.Android\ChatLa.Client.Android.csproj", "{C13F2913-D4A4-4DBB-9CF2-7B562FFDB5B7}"
EndProject
Project("{FAE04EC0-301F-11D3-BF4B-00C04F79EFBC}") = "ChatLa.Client.iOS", "ChatLa.Client\ChatLa.Client.iOS\ChatLa.Client.iOS.csproj", "{59D0D1E1-E2D2-44D6-8F50-E61D83CF9699}"
EndProject
Project("{FAE04EC0-301F-11D3-BF4B-00C04F79EFBC}") = "ChatLa.Client.UWP", "ChatLa.Client\ChatLa.Client.UWP\ChatLa.Client.UWP.csproj", "{C0DAA228-7F64-4307-879A-C9B9524D110B}"
EndProject
Global
	GlobalSection(SharedMSBuildProjectFiles) = preSolution
		ChatLa.Client\ChatLa.Client\ChatLa.Client.projitems*{2771b773-4695-482b-9e8c-01209868bca8}*SharedItemsImports = 13
		ChatLa.Client\ChatLa.Client\ChatLa.Client.projitems*{59d0d1e1-e2d2-44d6-8f50-e61d83cf9699}*SharedItemsImports = 4
		ChatLa.Client\ChatLa.Client\ChatLa.Client.projitems*{c0daa228-7f64-4307-879a-c9b9524d110b}*SharedItemsImports = 4
		ChatLa.Client\ChatLa.Client\ChatLa.Client.projitems*{c13f2913-d4a4-4dbb-9cf2-7b562ffdb5b7}*SharedItemsImports = 4
	EndGlobalSection
	GlobalSection(SolutionConfigurationPlatforms) = preSolution
		Ad-Hoc|Any CPU = Ad-Hoc|Any CPU
		Ad-Hoc|ARM = Ad-Hoc|ARM
		Ad-Hoc|iPhone = Ad-Hoc|iPhone
		Ad-Hoc|iPhoneSimulator = Ad-Hoc|iPhoneSimulator
		Ad-Hoc|x64 = Ad-Hoc|x64
		Ad-Hoc|x86 = Ad-Hoc|x86
		AppStore|Any CPU = AppStore|Any CPU
		AppStore|ARM = AppStore|ARM
		AppStore|iPhone = AppStore|iPhone
		AppStore|iPhoneSimulator = AppStore|iPhoneSimulator
		AppStore|x64 = AppStore|x64
		AppStore|x86 = AppStore|x86
		Debug|Any CPU = Debug|Any CPU
		Debug|ARM = Debug|ARM
		Debug|iPhone = Debug|iPhone
		Debug|iPhoneSimulator = Debug|iPhoneSimulator
		Debug|x64 = Debug|x64
		Debug|x86 = Debug|x86
		Release|Any CPU = Release|Any CPU
		Release|ARM = Release|ARM
		Release|iPhone = Release|iPhone
		Release|iPhoneSimulator = Release|iPhoneSimulator
		Release|x64 = Release|x64
		Release|x86 = Release|x86
	EndGlobalSection
	GlobalSection(ProjectConfigurationPlatforms) = postSolution
		{CF535374-3D0F-43AC-981A-CAE86490DCDA}.Ad-Hoc|Any CPU.ActiveCfg = Debug|Any CPU
		{CF535374-3D0F-43AC-981A-CAE86490DCDA}.Ad-Hoc|Any CPU.Build.0 = Debug|Any CPU
		{CF535374-3D0F-43AC-981A-CAE86490DCDA}.Ad-Hoc|ARM.ActiveCfg = Debug|Any CPU
		{CF535374-3D0F-43AC-981A-CAE86490DCDA}.Ad-Hoc|ARM.Build.0 = Debug|Any CPU
		{CF535374-3D0F-43AC-981A-CAE86490DCDA}.Ad-Hoc|iPhone.ActiveCfg = Debug|Any CPU
		{CF535374-3D0F-43AC-981A-CAE86490DCDA}.Ad-Hoc|iPhone.Build.0 = Debug|Any CPU
		{CF535374-3D0F-43AC-981A-CAE86490DCDA}.Ad-Hoc|iPhoneSimulator.ActiveCfg = Debug|Any CPU
		{CF535374-3D0F-43AC-981A-CAE86490DCDA}.Ad-Hoc|iPhoneSimulator.Build.0 = Debug|Any CPU
		{CF535374-3D0F-43AC-981A-CAE86490DCDA}.Ad-Hoc|x64.ActiveCfg = Debug|Any CPU
		{CF535374-3D0F-43AC-981A-CAE86490DCDA}.Ad-Hoc|x64.Build.0 = Debug|Any CPU
		{CF535374-3D0F-43AC-981A-CAE86490DCDA}.Ad-Hoc|x86.ActiveCfg = Debug|Any CPU
		{CF535374-3D0F-43AC-981A-CAE86490DCDA}.Ad-Hoc|x86.Build.0 = Debug|Any CPU
		{CF535374-3D0F-43AC-981A-CAE86490DCDA}.AppStore|Any CPU.ActiveCfg = Debug|Any CPU
		{CF535374-3D0F-43AC-981A-CAE86490DCDA}.AppStore|Any CPU.Build.0 = Debug|Any CPU
		{CF535374-3D0F-43AC-981A-CAE86490DCDA}.AppStore|ARM.ActiveCfg = Debug|Any CPU
		{CF535374-3D0F-43AC-981A-CAE86490DCDA}.AppStore|ARM.Build.0 = Debug|Any CPU
		{CF535374-3D0F-43AC-981A-CAE86490DCDA}.AppStore|iPhone.ActiveCfg = Debug|Any CPU
		{CF535374-3D0F-43AC-981A-CAE86490DCDA}.AppStore|iPhone.Build.0 = Debug|Any CPU
		{CF535374-3D0F-43AC-981A-CAE86490DCDA}.AppStore|iPhoneSimulator.ActiveCfg = Debug|Any CPU
		{CF535374-3D0F-43AC-981A-CAE86490DCDA}.AppStore|iPhoneSimulator.Build.0 = Debug|Any CPU
		{CF535374-3D0F-43AC-981A-CAE86490DCDA}.AppStore|x64.ActiveCfg = Debug|Any CPU
		{CF535374-3D0F-43AC-981A-CAE86490DCDA}.AppStore|x64.Build.0 = Debug|Any CPU
		{CF535374-3D0F-43AC-981A-CAE86490DCDA}.AppStore|x86.ActiveCfg = Debug|Any CPU
		{CF535374-3D0F-43AC-981A-CAE86490DCDA}.AppStore|x86.Build.0 = Debug|Any CPU
		{CF535374-3D0F-43AC-981A-CAE86490DCDA}.Debug|Any CPU.ActiveCfg = Debug|Any CPU
		{CF535374-3D0F-43AC-981A-CAE86490DCDA}.Debug|Any CPU.Build.0 = Debug|Any CPU
		{CF535374-3D0F-43AC-981A-CAE86490DCDA}.Debug|ARM.ActiveCfg = Debug|Any CPU
		{CF535374-3D0F-43AC-981A-CAE86490DCDA}.Debug|ARM.Build.0 = Debug|Any CPU
		{CF535374-3D0F-43AC-981A-CAE86490DCDA}.Debug|iPhone.ActiveCfg = Debug|Any CPU
		{CF535374-3D0F-43AC-981A-CAE86490DCDA}.Debug|iPhone.Build.0 = Debug|Any CPU
		{CF535374-3D0F-43AC-981A-CAE86490DCDA}.Debug|iPhoneSimulator.ActiveCfg = Debug|Any CPU
		{CF535374-3D0F-43AC-981A-CAE86490DCDA}.Debug|iPhoneSimulator.Build.0 = Debug|Any CPU
		{CF535374-3D0F-43AC-981A-CAE86490DCDA}.Debug|x64.ActiveCfg = Debug|Any CPU
		{CF535374-3D0F-43AC-981A-CAE86490DCDA}.Debug|x64.Build.0 = Debug|Any CPU
		{CF535374-3D0F-43AC-981A-CAE86490DCDA}.Debug|x86.ActiveCfg = Debug|Any CPU
		{CF535374-3D0F-43AC-981A-CAE86490DCDA}.Debug|x86.Build.0 = Debug|Any CPU
		{CF535374-3D0F-43AC-981A-CAE86490DCDA}.Release|Any CPU.ActiveCfg = Release|Any CPU
		{CF535374-3D0F-43AC-981A-CAE86490DCDA}.Release|Any CPU.Build.0 = Release|Any CPU
		{CF535374-3D0F-43AC-981A-CAE86490DCDA}.Release|ARM.ActiveCfg = Release|Any CPU
		{CF535374-3D0F-43AC-981A-CAE86490DCDA}.Release|ARM.Build.0 = Release|Any CPU
		{CF535374-3D0F-43AC-981A-CAE86490DCDA}.Release|iPhone.ActiveCfg = Release|Any CPU
		{CF535374-3D0F-43AC-981A-CAE86490DCDA}.Release|iPhone.Build.0 = Release|Any CPU
		{CF535374-3D0F-43AC-981A-CAE86490DCDA}.Release|iPhoneSimulator.ActiveCfg = Release|Any CPU
		{CF535374-3D0F-43AC-981A-CAE86490DCDA}.Release|iPhoneSimulator.Build.0 = Release|Any CPU
		{CF535374-3D0F-43AC-981A-CAE86490DCDA}.Release|x64.ActiveCfg = Release|Any CPU
		{CF535374-3D0F-43AC-981A-CAE86490DCDA}.Release|x64.Build.0 = Release|Any CPU
		{CF535374-3D0F-43AC-981A-CAE86490DCDA}.Release|x86.ActiveCfg = Release|Any CPU
		{CF535374-3D0F-43AC-981A-CAE86490DCDA}.Release|x86.Build.0 = Release|Any CPU
		{C13F2913-D4A4-4DBB-9CF2-7B562FFDB5B7}.Ad-Hoc|Any CPU.ActiveCfg = Release|Any CPU
		{C13F2913-D4A4-4DBB-9CF2-7B562FFDB5B7}.Ad-Hoc|Any CPU.Build.0 = Release|Any CPU
		{C13F2913-D4A4-4DBB-9CF2-7B562FFDB5B7}.Ad-Hoc|Any CPU.Deploy.0 = Release|Any CPU
		{C13F2913-D4A4-4DBB-9CF2-7B562FFDB5B7}.Ad-Hoc|ARM.ActiveCfg = Release|Any CPU
		{C13F2913-D4A4-4DBB-9CF2-7B562FFDB5B7}.Ad-Hoc|ARM.Build.0 = Release|Any CPU
		{C13F2913-D4A4-4DBB-9CF2-7B562FFDB5B7}.Ad-Hoc|ARM.Deploy.0 = Release|Any CPU
		{C13F2913-D4A4-4DBB-9CF2-7B562FFDB5B7}.Ad-Hoc|iPhone.ActiveCfg = Release|Any CPU
		{C13F2913-D4A4-4DBB-9CF2-7B562FFDB5B7}.Ad-Hoc|iPhone.Build.0 = Release|Any CPU
		{C13F2913-D4A4-4DBB-9CF2-7B562FFDB5B7}.Ad-Hoc|iPhone.Deploy.0 = Release|Any CPU
		{C13F2913-D4A4-4DBB-9CF2-7B562FFDB5B7}.Ad-Hoc|iPhoneSimulator.ActiveCfg = Release|Any CPU
		{C13F2913-D4A4-4DBB-9CF2-7B562FFDB5B7}.Ad-Hoc|iPhoneSimulator.Build.0 = Release|Any CPU
		{C13F2913-D4A4-4DBB-9CF2-7B562FFDB5B7}.Ad-Hoc|iPhoneSimulator.Deploy.0 = Release|Any CPU
		{C13F2913-D4A4-4DBB-9CF2-7B562FFDB5B7}.Ad-Hoc|x64.ActiveCfg = Release|Any CPU
		{C13F2913-D4A4-4DBB-9CF2-7B562FFDB5B7}.Ad-Hoc|x64.Build.0 = Release|Any CPU
		{C13F2913-D4A4-4DBB-9CF2-7B562FFDB5B7}.Ad-Hoc|x64.Deploy.0 = Release|Any CPU
		{C13F2913-D4A4-4DBB-9CF2-7B562FFDB5B7}.Ad-Hoc|x86.ActiveCfg = Release|Any CPU
		{C13F2913-D4A4-4DBB-9CF2-7B562FFDB5B7}.Ad-Hoc|x86.Build.0 = Release|Any CPU
		{C13F2913-D4A4-4DBB-9CF2-7B562FFDB5B7}.Ad-Hoc|x86.Deploy.0 = Release|Any CPU
		{C13F2913-D4A4-4DBB-9CF2-7B562FFDB5B7}.AppStore|Any CPU.ActiveCfg = Release|Any CPU
		{C13F2913-D4A4-4DBB-9CF2-7B562FFDB5B7}.AppStore|Any CPU.Build.0 = Release|Any CPU
		{C13F2913-D4A4-4DBB-9CF2-7B562FFDB5B7}.AppStore|Any CPU.Deploy.0 = Release|Any CPU
		{C13F2913-D4A4-4DBB-9CF2-7B562FFDB5B7}.AppStore|ARM.ActiveCfg = Release|Any CPU
		{C13F2913-D4A4-4DBB-9CF2-7B562FFDB5B7}.AppStore|ARM.Build.0 = Release|Any CPU
		{C13F2913-D4A4-4DBB-9CF2-7B562FFDB5B7}.AppStore|ARM.Deploy.0 = Release|Any CPU
		{C13F2913-D4A4-4DBB-9CF2-7B562FFDB5B7}.AppStore|iPhone.ActiveCfg = Release|Any CPU
		{C13F2913-D4A4-4DBB-9CF2-7B562FFDB5B7}.AppStore|iPhone.Build.0 = Release|Any CPU
		{C13F2913-D4A4-4DBB-9CF2-7B562FFDB5B7}.AppStore|iPhone.Deploy.0 = Release|Any CPU
		{C13F2913-D4A4-4DBB-9CF2-7B562FFDB5B7}.AppStore|iPhoneSimulator.ActiveCfg = Release|Any CPU
		{C13F2913-D4A4-4DBB-9CF2-7B562FFDB5B7}.AppStore|iPhoneSimulator.Build.0 = Release|Any CPU
		{C13F2913-D4A4-4DBB-9CF2-7B562FFDB5B7}.AppStore|iPhoneSimulator.Deploy.0 = Release|Any CPU
		{C13F2913-D4A4-4DBB-9CF2-7B562FFDB5B7}.AppStore|x64.ActiveCfg = Release|Any CPU
		{C13F2913-D4A4-4DBB-9CF2-7B562FFDB5B7}.AppStore|x64.Build.0 = Release|Any CPU
		{C13F2913-D4A4-4DBB-9CF2-7B562FFDB5B7}.AppStore|x64.Deploy.0 = Release|Any CPU
		{C13F2913-D4A4-4DBB-9CF2-7B562FFDB5B7}.AppStore|x86.ActiveCfg = Release|Any CPU
		{C13F2913-D4A4-4DBB-9CF2-7B562FFDB5B7}.AppStore|x86.Build.0 = Release|Any CPU
		{C13F2913-D4A4-4DBB-9CF2-7B562FFDB5B7}.AppStore|x86.Deploy.0 = Release|Any CPU
		{C13F2913-D4A4-4DBB-9CF2-7B562FFDB5B7}.Debug|Any CPU.ActiveCfg = Debug|Any CPU
		{C13F2913-D4A4-4DBB-9CF2-7B562FFDB5B7}.Debug|Any CPU.Build.0 = Debug|Any CPU
		{C13F2913-D4A4-4DBB-9CF2-7B562FFDB5B7}.Debug|Any CPU.Deploy.0 = Debug|Any CPU
		{C13F2913-D4A4-4DBB-9CF2-7B562FFDB5B7}.Debug|ARM.ActiveCfg = Debug|Any CPU
		{C13F2913-D4A4-4DBB-9CF2-7B562FFDB5B7}.Debug|ARM.Build.0 = Debug|Any CPU
		{C13F2913-D4A4-4DBB-9CF2-7B562FFDB5B7}.Debug|ARM.Deploy.0 = Debug|Any CPU
		{C13F2913-D4A4-4DBB-9CF2-7B562FFDB5B7}.Debug|iPhone.ActiveCfg = Debug|Any CPU
		{C13F2913-D4A4-4DBB-9CF2-7B562FFDB5B7}.Debug|iPhone.Build.0 = Debug|Any CPU
		{C13F2913-D4A4-4DBB-9CF2-7B562FFDB5B7}.Debug|iPhone.Deploy.0 = Debug|Any CPU
		{C13F2913-D4A4-4DBB-9CF2-7B562FFDB5B7}.Debug|iPhoneSimulator.ActiveCfg = Debug|Any CPU
		{C13F2913-D4A4-4DBB-9CF2-7B562FFDB5B7}.Debug|iPhoneSimulator.Build.0 = Debug|Any CPU
		{C13F2913-D4A4-4DBB-9CF2-7B562FFDB5B7}.Debug|iPhoneSimulator.Deploy.0 = Debug|Any CPU
		{C13F2913-D4A4-4DBB-9CF2-7B562FFDB5B7}.Debug|x64.ActiveCfg = Debug|Any CPU
		{C13F2913-D4A4-4DBB-9CF2-7B562FFDB5B7}.Debug|x64.Build.0 = Debug|Any CPU
		{C13F2913-D4A4-4DBB-9CF2-7B562FFDB5B7}.Debug|x64.Deploy.0 = Debug|Any CPU
		{C13F2913-D4A4-4DBB-9CF2-7B562FFDB5B7}.Debug|x86.ActiveCfg = Debug|Any CPU
		{C13F2913-D4A4-4DBB-9CF2-7B562FFDB5B7}.Debug|x86.Build.0 = Debug|Any CPU
		{C13F2913-D4A4-4DBB-9CF2-7B562FFDB5B7}.Debug|x86.Deploy.0 = Debug|Any CPU
		{C13F2913-D4A4-4DBB-9CF2-7B562FFDB5B7}.Release|Any CPU.ActiveCfg = Release|Any CPU
		{C13F2913-D4A4-4DBB-9CF2-7B562FFDB5B7}.Release|Any CPU.Build.0 = Release|Any CPU
		{C13F2913-D4A4-4DBB-9CF2-7B562FFDB5B7}.Release|Any CPU.Deploy.0 = Release|Any CPU
		{C13F2913-D4A4-4DBB-9CF2-7B562FFDB5B7}.Release|ARM.ActiveCfg = Release|Any CPU
		{C13F2913-D4A4-4DBB-9CF2-7B562FFDB5B7}.Release|ARM.Build.0 = Release|Any CPU
		{C13F2913-D4A4-4DBB-9CF2-7B562FFDB5B7}.Release|ARM.Deploy.0 = Release|Any CPU
		{C13F2913-D4A4-4DBB-9CF2-7B562FFDB5B7}.Release|iPhone.ActiveCfg = Release|Any CPU
		{C13F2913-D4A4-4DBB-9CF2-7B562FFDB5B7}.Release|iPhone.Build.0 = Release|Any CPU
		{C13F2913-D4A4-4DBB-9CF2-7B562FFDB5B7}.Release|iPhone.Deploy.0 = Release|Any CPU
		{C13F2913-D4A4-4DBB-9CF2-7B562FFDB5B7}.Release|iPhoneSimulator.ActiveCfg = Release|Any CPU
		{C13F2913-D4A4-4DBB-9CF2-7B562FFDB5B7}.Release|iPhoneSimulator.Build.0 = Release|Any CPU
		{C13F2913-D4A4-4DBB-9CF2-7B562FFDB5B7}.Release|iPhoneSimulator.Deploy.0 = Release|Any CPU
		{C13F2913-D4A4-4DBB-9CF2-7B562FFDB5B7}.Release|x64.ActiveCfg = Release|Any CPU
		{C13F2913-D4A4-4DBB-9CF2-7B562FFDB5B7}.Release|x64.Build.0 = Release|Any CPU
		{C13F2913-D4A4-4DBB-9CF2-7B562FFDB5B7}.Release|x64.Deploy.0 = Release|Any CPU
		{C13F2913-D4A4-4DBB-9CF2-7B562FFDB5B7}.Release|x86.ActiveCfg = Release|Any CPU
		{C13F2913-D4A4-4DBB-9CF2-7B562FFDB5B7}.Release|x86.Build.0 = Release|Any CPU
		{C13F2913-D4A4-4DBB-9CF2-7B562FFDB5B7}.Release|x86.Deploy.0 = Release|Any CPU
		{59D0D1E1-E2D2-44D6-8F50-E61D83CF9699}.Ad-Hoc|Any CPU.ActiveCfg = Ad-Hoc|iPhone
		{59D0D1E1-E2D2-44D6-8F50-E61D83CF9699}.Ad-Hoc|ARM.ActiveCfg = Ad-Hoc|iPhone
		{59D0D1E1-E2D2-44D6-8F50-E61D83CF9699}.Ad-Hoc|iPhone.ActiveCfg = Ad-Hoc|iPhone
		{59D0D1E1-E2D2-44D6-8F50-E61D83CF9699}.Ad-Hoc|iPhone.Build.0 = Ad-Hoc|iPhone
		{59D0D1E1-E2D2-44D6-8F50-E61D83CF9699}.Ad-Hoc|iPhoneSimulator.ActiveCfg = Ad-Hoc|iPhoneSimulator
		{59D0D1E1-E2D2-44D6-8F50-E61D83CF9699}.Ad-Hoc|iPhoneSimulator.Build.0 = Ad-Hoc|iPhoneSimulator
		{59D0D1E1-E2D2-44D6-8F50-E61D83CF9699}.Ad-Hoc|x64.ActiveCfg = Ad-Hoc|iPhone
		{59D0D1E1-E2D2-44D6-8F50-E61D83CF9699}.Ad-Hoc|x86.ActiveCfg = Ad-Hoc|iPhone
		{59D0D1E1-E2D2-44D6-8F50-E61D83CF9699}.AppStore|Any CPU.ActiveCfg = AppStore|iPhone
		{59D0D1E1-E2D2-44D6-8F50-E61D83CF9699}.AppStore|ARM.ActiveCfg = AppStore|iPhone
		{59D0D1E1-E2D2-44D6-8F50-E61D83CF9699}.AppStore|iPhone.ActiveCfg = AppStore|iPhone
		{59D0D1E1-E2D2-44D6-8F50-E61D83CF9699}.AppStore|iPhone.Build.0 = AppStore|iPhone
		{59D0D1E1-E2D2-44D6-8F50-E61D83CF9699}.AppStore|iPhoneSimulator.ActiveCfg = AppStore|iPhoneSimulator
		{59D0D1E1-E2D2-44D6-8F50-E61D83CF9699}.AppStore|iPhoneSimulator.Build.0 = AppStore|iPhoneSimulator
		{59D0D1E1-E2D2-44D6-8F50-E61D83CF9699}.AppStore|x64.ActiveCfg = AppStore|iPhone
		{59D0D1E1-E2D2-44D6-8F50-E61D83CF9699}.AppStore|x86.ActiveCfg = AppStore|iPhone
		{59D0D1E1-E2D2-44D6-8F50-E61D83CF9699}.Debug|Any CPU.ActiveCfg = Debug|iPhone
		{59D0D1E1-E2D2-44D6-8F50-E61D83CF9699}.Debug|ARM.ActiveCfg = Debug|iPhone
		{59D0D1E1-E2D2-44D6-8F50-E61D83CF9699}.Debug|iPhone.ActiveCfg = Debug|iPhone
		{59D0D1E1-E2D2-44D6-8F50-E61D83CF9699}.Debug|iPhone.Build.0 = Debug|iPhone
		{59D0D1E1-E2D2-44D6-8F50-E61D83CF9699}.Debug|iPhoneSimulator.ActiveCfg = Debug|iPhoneSimulator
		{59D0D1E1-E2D2-44D6-8F50-E61D83CF9699}.Debug|iPhoneSimulator.Build.0 = Debug|iPhoneSimulator
		{59D0D1E1-E2D2-44D6-8F50-E61D83CF9699}.Debug|x64.ActiveCfg = Debug|iPhone
		{59D0D1E1-E2D2-44D6-8F50-E61D83CF9699}.Debug|x86.ActiveCfg = Debug|iPhone
		{59D0D1E1-E2D2-44D6-8F50-E61D83CF9699}.Release|Any CPU.ActiveCfg = Release|iPhone
		{59D0D1E1-E2D2-44D6-8F50-E61D83CF9699}.Release|ARM.ActiveCfg = Release|iPhone
		{59D0D1E1-E2D2-44D6-8F50-E61D83CF9699}.Release|iPhone.ActiveCfg = Release|iPhone
		{59D0D1E1-E2D2-44D6-8F50-E61D83CF9699}.Release|iPhone.Build.0 = Release|iPhone
		{59D0D1E1-E2D2-44D6-8F50-E61D83CF9699}.Release|iPhoneSimulator.ActiveCfg = Release|iPhoneSimulator
		{59D0D1E1-E2D2-44D6-8F50-E61D83CF9699}.Release|iPhoneSimulator.Build.0 = Release|iPhoneSimulator
		{59D0D1E1-E2D2-44D6-8F50-E61D83CF9699}.Release|x64.ActiveCfg = Release|iPhone
		{59D0D1E1-E2D2-44D6-8F50-E61D83CF9699}.Release|x86.ActiveCfg = Release|iPhone
		{C0DAA228-7F64-4307-879A-C9B9524D110B}.Ad-Hoc|Any CPU.ActiveCfg = Release|x86
		{C0DAA228-7F64-4307-879A-C9B9524D110B}.Ad-Hoc|Any CPU.Build.0 = Release|x86
		{C0DAA228-7F64-4307-879A-C9B9524D110B}.Ad-Hoc|Any CPU.Deploy.0 = Release|x86
		{C0DAA228-7F64-4307-879A-C9B9524D110B}.Ad-Hoc|ARM.ActiveCfg = Release|ARM
		{C0DAA228-7F64-4307-879A-C9B9524D110B}.Ad-Hoc|ARM.Build.0 = Release|ARM
		{C0DAA228-7F64-4307-879A-C9B9524D110B}.Ad-Hoc|ARM.Deploy.0 = Release|ARM
		{C0DAA228-7F64-4307-879A-C9B9524D110B}.Ad-Hoc|iPhone.ActiveCfg = Release|x86
		{C0DAA228-7F64-4307-879A-C9B9524D110B}.Ad-Hoc|iPhone.Build.0 = Release|x86
		{C0DAA228-7F64-4307-879A-C9B9524D110B}.Ad-Hoc|iPhone.Deploy.0 = Release|x86
		{C0DAA228-7F64-4307-879A-C9B9524D110B}.Ad-Hoc|iPhoneSimulator.ActiveCfg = Release|x86
		{C0DAA228-7F64-4307-879A-C9B9524D110B}.Ad-Hoc|iPhoneSimulator.Build.0 = Release|x86
		{C0DAA228-7F64-4307-879A-C9B9524D110B}.Ad-Hoc|iPhoneSimulator.Deploy.0 = Release|x86
		{C0DAA228-7F64-4307-879A-C9B9524D110B}.Ad-Hoc|x64.ActiveCfg = Release|x64
		{C0DAA228-7F64-4307-879A-C9B9524D110B}.Ad-Hoc|x64.Build.0 = Release|x64
		{C0DAA228-7F64-4307-879A-C9B9524D110B}.Ad-Hoc|x64.Deploy.0 = Release|x64
		{C0DAA228-7F64-4307-879A-C9B9524D110B}.Ad-Hoc|x86.ActiveCfg = Release|x86
		{C0DAA228-7F64-4307-879A-C9B9524D110B}.Ad-Hoc|x86.Build.0 = Release|x86
		{C0DAA228-7F64-4307-879A-C9B9524D110B}.Ad-Hoc|x86.Deploy.0 = Release|x86
		{C0DAA228-7F64-4307-879A-C9B9524D110B}.AppStore|Any CPU.ActiveCfg = Release|x86
		{C0DAA228-7F64-4307-879A-C9B9524D110B}.AppStore|Any CPU.Build.0 = Release|x86
		{C0DAA228-7F64-4307-879A-C9B9524D110B}.AppStore|Any CPU.Deploy.0 = Release|x86
		{C0DAA228-7F64-4307-879A-C9B9524D110B}.AppStore|ARM.ActiveCfg = Release|ARM
		{C0DAA228-7F64-4307-879A-C9B9524D110B}.AppStore|ARM.Build.0 = Release|ARM
		{C0DAA228-7F64-4307-879A-C9B9524D110B}.AppStore|ARM.Deploy.0 = Release|ARM
		{C0DAA228-7F64-4307-879A-C9B9524D110B}.AppStore|iPhone.ActiveCfg = Release|x86
		{C0DAA228-7F64-4307-879A-C9B9524D110B}.AppStore|iPhone.Build.0 = Release|x86
		{C0DAA228-7F64-4307-879A-C9B9524D110B}.AppStore|iPhone.Deploy.0 = Release|x86
		{C0DAA228-7F64-4307-879A-C9B9524D110B}.AppStore|iPhoneSimulator.ActiveCfg = Release|x86
		{C0DAA228-7F64-4307-879A-C9B9524D110B}.AppStore|iPhoneSimulator.Build.0 = Release|x86
		{C0DAA228-7F64-4307-879A-C9B9524D110B}.AppStore|iPhoneSimulator.Deploy.0 = Release|x86
		{C0DAA228-7F64-4307-879A-C9B9524D110B}.AppStore|x64.ActiveCfg = Release|x64
		{C0DAA228-7F64-4307-879A-C9B9524D110B}.AppStore|x64.Build.0 = Release|x64
		{C0DAA228-7F64-4307-879A-C9B9524D110B}.AppStore|x64.Deploy.0 = Release|x64
		{C0DAA228-7F64-4307-879A-C9B9524D110B}.AppStore|x86.ActiveCfg = Release|x86
		{C0DAA228-7F64-4307-879A-C9B9524D110B}.AppStore|x86.Build.0 = Release|x86
		{C0DAA228-7F64-4307-879A-C9B9524D110B}.AppStore|x86.Deploy.0 = Release|x86
		{C0DAA228-7F64-4307-879A-C9B9524D110B}.Debug|Any CPU.ActiveCfg = Debug|x86
		{C0DAA228-7F64-4307-879A-C9B9524D110B}.Debug|Any CPU.Build.0 = Debug|x86
		{C0DAA228-7F64-4307-879A-C9B9524D110B}.Debug|Any CPU.Deploy.0 = Debug|x86
		{C0DAA228-7F64-4307-879A-C9B9524D110B}.Debug|ARM.ActiveCfg = Debug|ARM
		{C0DAA228-7F64-4307-879A-C9B9524D110B}.Debug|ARM.Build.0 = Debug|ARM
		{C0DAA228-7F64-4307-879A-C9B9524D110B}.Debug|ARM.Deploy.0 = Debug|ARM
		{C0DAA228-7F64-4307-879A-C9B9524D110B}.Debug|iPhone.ActiveCfg = Debug|x86
		{C0DAA228-7F64-4307-879A-C9B9524D110B}.Debug|iPhoneSimulator.ActiveCfg = Debug|x86
		{C0DAA228-7F64-4307-879A-C9B9524D110B}.Debug|x64.ActiveCfg = Debug|x64
		{C0DAA228-7F64-4307-879A-C9B9524D110B}.Debug|x64.Build.0 = Debug|x64
		{C0DAA228-7F64-4307-879A-C9B9524D110B}.Debug|x64.Deploy.0 = Debug|x64
		{C0DAA228-7F64-4307-879A-C9B9524D110B}.Debug|x86.ActiveCfg = Debug|x86
		{C0DAA228-7F64-4307-879A-C9B9524D110B}.Debug|x86.Build.0 = Debug|x86
		{C0DAA228-7F64-4307-879A-C9B9524D110B}.Debug|x86.Deploy.0 = Debug|x86
		{C0DAA228-7F64-4307-879A-C9B9524D110B}.Release|Any CPU.ActiveCfg = Release|x86
		{C0DAA228-7F64-4307-879A-C9B9524D110B}.Release|ARM.ActiveCfg = Release|ARM
		{C0DAA228-7F64-4307-879A-C9B9524D110B}.Release|ARM.Build.0 = Release|ARM
		{C0DAA228-7F64-4307-879A-C9B9524D110B}.Release|ARM.Deploy.0 = Release|ARM
		{C0DAA228-7F64-4307-879A-C9B9524D110B}.Release|iPhone.ActiveCfg = Release|x86
		{C0DAA228-7F64-4307-879A-C9B9524D110B}.Release|iPhoneSimulator.ActiveCfg = Release|x86
		{C0DAA228-7F64-4307-879A-C9B9524D110B}.Release|x64.ActiveCfg = Release|x64
		{C0DAA228-7F64-4307-879A-C9B9524D110B}.Release|x64.Build.0 = Release|x64
		{C0DAA228-7F64-4307-879A-C9B9524D110B}.Release|x64.Deploy.0 = Release|x64
		{C0DAA228-7F64-4307-879A-C9B9524D110B}.Release|x86.ActiveCfg = Release|x86
		{C0DAA228-7F64-4307-879A-C9B9524D110B}.Release|x86.Build.0 = Release|x86
		{C0DAA228-7F64-4307-879A-C9B9524D110B}.Release|x86.Deploy.0 = Release|x86
	EndGlobalSection
	GlobalSection(SolutionProperties) = preSolution
		HideSolutionNode = FALSE
	EndGlobalSection
	GlobalSection(NestedProjects) = preSolution
		{CF535374-3D0F-43AC-981A-CAE86490DCDA} = {AF9F0EA0-E65A-4525-9085-373E54707018}
		{2771B773-4695-482B-9E8C-01209868BCA8} = {0E317BD6-72B3-4C1E-A5CC-BDAF04B74BE3}
		{C13F2913-D4A4-4DBB-9CF2-7B562FFDB5B7} = {0E317BD6-72B3-4C1E-A5CC-BDAF04B74BE3}
		{59D0D1E1-E2D2-44D6-8F50-E61D83CF9699} = {0E317BD6-72B3-4C1E-A5CC-BDAF04B74BE3}
		{C0DAA228-7F64-4307-879A-C9B9524D110B} = {0E317BD6-72B3-4C1E-A5CC-BDAF04B74BE3}
	EndGlobalSection
EndGlobal
